{
    "_readme": [
        "This file locks the dependencies of your project to a known state",
        "Read more about it at https://getcomposer.org/doc/01-basic-usage.md#composer-lock-the-lock-file",
        "This file is @generated automatically"
    ],
    "content-hash": "220cda0a24905b8a5cd085b54bf5b7a6",
    "packages": [
        {
            "name": "elevate-digital/slack-messenger",
            "version": "1.0.0",
            "source": {
                "type": "git",
                "url": "https://github.com/elevate-digital/SlackMessenger.git",
                "reference": "805505d645d88bac85e74e311aa43687d086504f"
            },
            "dist": {
                "type": "zip",
                "url": "https://api.github.com/repos/elevate-digital/SlackMessenger/zipball/805505d645d88bac85e74e311aa43687d086504f",
                "reference": "805505d645d88bac85e74e311aa43687d086504f",
                "shasum": ""
            },
            "type": "library",
            "autoload": {
                "psr-0": {
                    "SlackMessenger": "src/"
                }
            },
            "notification-url": "https://packagist.org/downloads/",
            "description": "Send messages using a slack web hook",
            "time": "2018-06-15T13:41:25+00:00"
        }
    ],
    "packages-dev": [],
    "aliases": [],
    "minimum-stability": "stable",
    "stability-flags": [],
    "prefer-stable": false,
    "prefer-lowest": false,
    "platform": [],
    "platform-dev": []
}
