{
    "_readme": [
        "This file locks the dependencies of your project to a known state",
        "Read more about it at https://getcomposer.org/doc/01-basic-usage.md#composer-lock-the-lock-file",
        "This file is @generated automatically"
    ],
    "content-hash": "6fc583a95c689f9f6c970e6d62c4e532",
    "packages": [
        {
            "name": "elevate-digital/slack-messenger",
            "version": "dev-master",
            "source": {
                "type": "git",
                "url": "https://github.com/elevate-digital/SlackMessenger.git",
                "reference": "361ebf5520088e50748824e3f3c8d7add090daf1"
            },
            "dist": {
                "type": "zip",
                "url": "https://api.github.com/repos/elevate-digital/SlackMessenger/zipball/361ebf5520088e50748824e3f3c8d7add090daf1",
                "reference": "361ebf5520088e50748824e3f3c8d7add090daf1",
                "shasum": ""
            },
            "type": "library",
            "autoload": {
                "psr-0": {
                    "SlackMessager": "src/"
                }
            },
            "notification-url": "https://packagist.org/downloads/",
            "description": "Send messages using a slack web hook",
            "time": "2018-06-15 13:27:11"
        }
    ],
    "packages-dev": [],
    "aliases": [],
    "minimum-stability": "dev",
    "stability-flags": {
        "elevate-digital/slack-messenger": 20
    },
    "prefer-stable": false,
    "prefer-lowest": false,
    "platform": [],
    "platform-dev": []
}
